
Microsoft Visual Studio Solution File, Format Version 12.00
# Visual Studio Version 16
VisualStudioVersion = 16.0.31624.102
MinimumVisualStudioVersion = 10.0.40219.1
Project("{9A19103F-16F7-4668-BE54-9A1E7A4F7556}") = "Homework", "Homework\Homework.csproj", "{239C5C2F-E89D-4845-95DD-79A7A28F1094}"
EndProject
Global
	GlobalSection(SolutionConfigurationPlatforms) = preSolution
		Debug|Any CPU = Debug|Any CPU
		Release|Any CPU = Release|Any CPU
	EndGlobalSection
	GlobalSection(ProjectConfigurationPlatforms) = postSolution
		{239C5C2F-E89D-4845-95DD-79A7A28F1094}.Debug|Any CPU.ActiveCfg = Debug|Any CPU
		{239C5C2F-E89D-4845-95DD-79A7A28F1094}.Debug|Any CPU.Build.0 = Debug|Any CPU
		{239C5C2F-E89D-4845-95DD-79A7A28F1094}.Release|Any CPU.ActiveCfg = Release|Any CPU
		{239C5C2F-E89D-4845-95DD-79A7A28F1094}.Release|Any CPU.Build.0 = Release|Any CPU
	EndGlobalSection
	GlobalSection(SolutionProperties) = preSolution
		HideSolutionNode = FALSE
	EndGlobalSection
	GlobalSection(ExtensibilityGlobals) = postSolution
		SolutionGuid = {2513E3E1-96CD-4140-B003-3506F7F99FC2}
	EndGlobalSection
EndGlobal
